
Microsoft Visual Studio Solution File, Format Version 12.00
# Visual Studio Express 2012 for Windows Desktop
Project("{FAE04EC0-301F-11D3-BF4B-00C04F79EFBC}") = "DentalSoft", "DentalSoft\DentalSoft.csproj", "{B497D25B-2747-4441-8436-5B08A73049D8}"
EndProject
Project("{FAE04EC0-301F-11D3-BF4B-00C04F79EFBC}") = "BusinessLayers", "DentalSoft.BusinessLayers\BusinessLayers\BusinessLayers.csproj", "{227D5138-EA63-47AC-96AD-AD975E2D8570}"
EndProject
Global
	GlobalSection(SolutionConfigurationPlatforms) = preSolution
		Debug|Any CPU = Debug|Any CPU
		Release|Any CPU = Release|Any CPU
	EndGlobalSection
	GlobalSection(ProjectConfigurationPlatforms) = postSolution
		{B497D25B-2747-4441-8436-5B08A73049D8}.Debug|Any CPU.ActiveCfg = Debug|Any CPU
		{B497D25B-2747-4441-8436-5B08A73049D8}.Debug|Any CPU.Build.0 = Debug|Any CPU
		{B497D25B-2747-4441-8436-5B08A73049D8}.Release|Any CPU.ActiveCfg = Release|Any CPU
		{B497D25B-2747-4441-8436-5B08A73049D8}.Release|Any CPU.Build.0 = Release|Any CPU
		{227D5138-EA63-47AC-96AD-AD975E2D8570}.Debug|Any CPU.ActiveCfg = Debug|Any CPU
		{227D5138-EA63-47AC-96AD-AD975E2D8570}.Debug|Any CPU.Build.0 = Debug|Any CPU
		{227D5138-EA63-47AC-96AD-AD975E2D8570}.Release|Any CPU.ActiveCfg = Release|Any CPU
		{227D5138-EA63-47AC-96AD-AD975E2D8570}.Release|Any CPU.Build.0 = Release|Any CPU
	EndGlobalSection
	GlobalSection(SolutionProperties) = preSolution
		HideSolutionNode = FALSE
	EndGlobalSection
EndGlobal
